
Microsoft Visual Studio Solution File, Format Version 12.00
# Visual Studio Version 17
VisualStudioVersion = 17.0.31903.59
MinimumVisualStudioVersion = 10.0.40219.1
Project("{2150E333-8FDC-42A3-9474-1A3956D46DE8}") = "src", "src", "{827E0CD3-B72D-47B6-A68D-7590B98EB39B}"
EndProject
Project("{FAE04EC0-301F-11D3-BF4B-00C04F79EFBC}") = "Trinsu.Domain", "src\Trinsu.Domain\Trinsu.Domain.csproj", "{22F42FFE-B5E4-4BF8-B5C7-930ABC677D5B}"
EndProject
Project("{FAE04EC0-301F-11D3-BF4B-00C04F79EFBC}") = "Trinsu.Application", "src\Trinsu.Application\Trinsu.Application.csproj", "{479D8F47-B9FE-4A64-9108-0A0D63ED9B72}"
EndProject
Project("{FAE04EC0-301F-11D3-BF4B-00C04F79EFBC}") = "Trinsu.Infrastructure", "src\Trinsu.Infrastructure\Trinsu.Infrastructure.csproj", "{E97E3964-320D-4934-B6F3-922394D957BB}"
EndProject
Project("{FAE04EC0-301F-11D3-BF4B-00C04F79EFBC}") = "Trinsu.Api", "src\Trinsu.Api\Trinsu.Api.csproj", "{E899F9BE-393D-4744-A545-379A0901515F}"
EndProject
Project("{FAE04EC0-301F-11D3-BF4B-00C04F79EFBC}") = "Trinsu.ArchitectureTests", "tests\Trinsu.ArchitectureTests\Trinsu.ArchitectureTests.csproj", "{4848EF64-3F1F-4806-BC50-21C6AADE2163}"
EndProject
Global
	GlobalSection(SolutionConfigurationPlatforms) = preSolution
		Debug|Any CPU = Debug|Any CPU
		Debug|x64 = Debug|x64
		Debug|x86 = Debug|x86
		Release|Any CPU = Release|Any CPU
		Release|x64 = Release|x64
		Release|x86 = Release|x86
	EndGlobalSection
	GlobalSection(ProjectConfigurationPlatforms) = postSolution
		{22F42FFE-B5E4-4BF8-B5C7-930ABC677D5B}.Debug|Any CPU.ActiveCfg = Debug|Any CPU
		{22F42FFE-B5E4-4BF8-B5C7-930ABC677D5B}.Debug|Any CPU.Build.0 = Debug|Any CPU
		{22F42FFE-B5E4-4BF8-B5C7-930ABC677D5B}.Debug|x64.ActiveCfg = Debug|Any CPU
		{22F42FFE-B5E4-4BF8-B5C7-930ABC677D5B}.Debug|x64.Build.0 = Debug|Any CPU
		{22F42FFE-B5E4-4BF8-B5C7-930ABC677D5B}.Debug|x86.ActiveCfg = Debug|Any CPU
		{22F42FFE-B5E4-4BF8-B5C7-930ABC677D5B}.Debug|x86.Build.0 = Debug|Any CPU
		{22F42FFE-B5E4-4BF8-B5C7-930ABC677D5B}.Release|Any CPU.ActiveCfg = Release|Any CPU
		{22F42FFE-B5E4-4BF8-B5C7-930ABC677D5B}.Release|Any CPU.Build.0 = Release|Any CPU
		{22F42FFE-B5E4-4BF8-B5C7-930ABC677D5B}.Release|x64.ActiveCfg = Release|Any CPU
		{22F42FFE-B5E4-4BF8-B5C7-930ABC677D5B}.Release|x64.Build.0 = Release|Any CPU
		{22F42FFE-B5E4-4BF8-B5C7-930ABC677D5B}.Release|x86.ActiveCfg = Release|Any CPU
		{22F42FFE-B5E4-4BF8-B5C7-930ABC677D5B}.Release|x86.Build.0 = Release|Any CPU
		{479D8F47-B9FE-4A64-9108-0A0D63ED9B72}.Debug|Any CPU.ActiveCfg = Debug|Any CPU
		{479D8F47-B9FE-4A64-9108-0A0D63ED9B72}.Debug|Any CPU.Build.0 = Debug|Any CPU
		{479D8F47-B9FE-4A64-9108-0A0D63ED9B72}.Debug|x64.ActiveCfg = Debug|Any CPU
		{479D8F47-B9FE-4A64-9108-0A0D63ED9B72}.Debug|x64.Build.0 = Debug|Any CPU
		{479D8F47-B9FE-4A64-9108-0A0D63ED9B72}.Debug|x86.ActiveCfg = Debug|Any CPU
		{479D8F47-B9FE-4A64-9108-0A0D63ED9B72}.Debug|x86.Build.0 = Debug|Any CPU
		{479D8F47-B9FE-4A64-9108-0A0D63ED9B72}.Release|Any CPU.ActiveCfg = Release|Any CPU
		{479D8F47-B9FE-4A64-9108-0A0D63ED9B72}.Release|Any CPU.Build.0 = Release|Any CPU
		{479D8F47-B9FE-4A64-9108-0A0D63ED9B72}.Release|x64.ActiveCfg = Release|Any CPU
		{479D8F47-B9FE-4A64-9108-0A0D63ED9B72}.Release|x64.Build.0 = Release|Any CPU
		{479D8F47-B9FE-4A64-9108-0A0D63ED9B72}.Release|x86.ActiveCfg = Release|Any CPU
		{479D8F47-B9FE-4A64-9108-0A0D63ED9B72}.Release|x86.Build.0 = Release|Any CPU
		{E97E3964-320D-4934-B6F3-922394D957BB}.Debug|Any CPU.ActiveCfg = Debug|Any CPU
		{E97E3964-320D-4934-B6F3-922394D957BB}.Debug|Any CPU.Build.0 = Debug|Any CPU
		{E97E3964-320D-4934-B6F3-922394D957BB}.Debug|x64.ActiveCfg = Debug|Any CPU
		{E97E3964-320D-4934-B6F3-922394D957BB}.Debug|x64.Build.0 = Debug|Any CPU
		{E97E3964-320D-4934-B6F3-922394D957BB}.Debug|x86.ActiveCfg = Debug|Any CPU
		{E97E3964-320D-4934-B6F3-922394D957BB}.Debug|x86.Build.0 = Debug|Any CPU
		{E97E3964-320D-4934-B6F3-922394D957BB}.Release|Any CPU.ActiveCfg = Release|Any CPU
		{E97E3964-320D-4934-B6F3-922394D957BB}.Release|Any CPU.Build.0 = Release|Any CPU
		{E97E3964-320D-4934-B6F3-922394D957BB}.Release|x64.ActiveCfg = Release|Any CPU
		{E97E3964-320D-4934-B6F3-922394D957BB}.Release|x64.Build.0 = Release|Any CPU
		{E97E3964-320D-4934-B6F3-922394D957BB}.Release|x86.ActiveCfg = Release|Any CPU
		{E97E3964-320D-4934-B6F3-922394D957BB}.Release|x86.Build.0 = Release|Any CPU
		{E899F9BE-393D-4744-A545-379A0901515F}.Debug|Any CPU.ActiveCfg = Debug|Any CPU
		{E899F9BE-393D-4744-A545-379A0901515F}.Debug|Any CPU.Build.0 = Debug|Any CPU
		{E899F9BE-393D-4744-A545-379A0901515F}.Debug|x64.ActiveCfg = Debug|Any CPU
		{E899F9BE-393D-4744-A545-379A0901515F}.Debug|x64.Build.0 = Debug|Any CPU
		{E899F9BE-393D-4744-A545-379A0901515F}.Debug|x86.ActiveCfg = Debug|Any CPU
		{E899F9BE-393D-4744-A545-379A0901515F}.Debug|x86.Build.0 = Debug|Any CPU
		{E899F9BE-393D-4744-A545-379A0901515F}.Release|Any CPU.ActiveCfg = Release|Any CPU
		{E899F9BE-393D-4744-A545-379A0901515F}.Release|Any CPU.Build.0 = Release|Any CPU
		{E899F9BE-393D-4744-A545-379A0901515F}.Release|x64.ActiveCfg = Release|Any CPU
		{E899F9BE-393D-4744-A545-379A0901515F}.Release|x64.Build.0 = Release|Any CPU
		{E899F9BE-393D-4744-A545-379A0901515F}.Release|x86.ActiveCfg = Release|Any CPU
		{E899F9BE-393D-4744-A545-379A0901515F}.Release|x86.Build.0 = Release|Any CPU
		{4848EF64-3F1F-4806-BC50-21C6AADE2163}.Debug|Any CPU.ActiveCfg = Debug|Any CPU
		{4848EF64-3F1F-4806-BC50-21C6AADE2163}.Debug|Any CPU.Build.0 = Debug|Any CPU
		{4848EF64-3F1F-4806-BC50-21C6AADE2163}.Debug|x64.ActiveCfg = Debug|Any CPU
		{4848EF64-3F1F-4806-BC50-21C6AADE2163}.Debug|x64.Build.0 = Debug|Any CPU
		{4848EF64-3F1F-4806-BC50-21C6AADE2163}.Debug|x86.ActiveCfg = Debug|Any CPU
		{4848EF64-3F1F-4806-BC50-21C6AADE2163}.Debug|x86.Build.0 = Debug|Any CPU
		{4848EF64-3F1F-4806-BC50-21C6AADE2163}.Release|Any CPU.ActiveCfg = Release|Any CPU
		{4848EF64-3F1F-4806-BC50-21C6AADE2163}.Release|Any CPU.Build.0 = Release|Any CPU
		{4848EF64-3F1F-4806-BC50-21C6AADE2163}.Release|x64.ActiveCfg = Release|Any CPU
		{4848EF64-3F1F-4806-BC50-21C6AADE2163}.Release|x64.Build.0 = Release|Any CPU
		{4848EF64-3F1F-4806-BC50-21C6AADE2163}.Release|x86.ActiveCfg = Release|Any CPU
		{4848EF64-3F1F-4806-BC50-21C6AADE2163}.Release|x86.Build.0 = Release|Any CPU
	EndGlobalSection
	GlobalSection(SolutionProperties) = preSolution
		HideSolutionNode = FALSE
	EndGlobalSection
	GlobalSection(NestedProjects) = preSolution
		{22F42FFE-B5E4-4BF8-B5C7-930ABC677D5B} = {827E0CD3-B72D-47B6-A68D-7590B98EB39B}
		{479D8F47-B9FE-4A64-9108-0A0D63ED9B72} = {827E0CD3-B72D-47B6-A68D-7590B98EB39B}
		{E97E3964-320D-4934-B6F3-922394D957BB} = {827E0CD3-B72D-47B6-A68D-7590B98EB39B}
		{E899F9BE-393D-4744-A545-379A0901515F} = {827E0CD3-B72D-47B6-A68D-7590B98EB39B}
		{4848EF64-3F1F-4806-BC50-21C6AADE2163} = {827E0CD3-B72D-47B6-A68D-7590B98EB39B}
	EndGlobalSection
EndGlobal
